
Microsoft Visual Studio Solution File, Format Version 12.00
# Visual Studio Version 16
VisualStudioVersion = 16.0.31019.35
MinimumVisualStudioVersion = 10.0.40219.1
Project("{FAE04EC0-301F-11D3-BF4B-00C04F79EFBC}") = "SaveEmpWageByCompany", "SaveEmpWageByCompany\SaveEmpWageByCompany.csproj", "{E4047BC3-8DD5-4C8A-A373-5B7C3BF340A0}"
EndProject
Global
	GlobalSection(SolutionConfigurationPlatforms) = preSolution
		Debug|Any CPU = Debug|Any CPU
		Release|Any CPU = Release|Any CPU
	EndGlobalSection
	GlobalSection(ProjectConfigurationPlatforms) = postSolution
		{E4047BC3-8DD5-4C8A-A373-5B7C3BF340A0}.Debug|Any CPU.ActiveCfg = Debug|Any CPU
		{E4047BC3-8DD5-4C8A-A373-5B7C3BF340A0}.Debug|Any CPU.Build.0 = Debug|Any CPU
		{E4047BC3-8DD5-4C8A-A373-5B7C3BF340A0}.Release|Any CPU.ActiveCfg = Release|Any CPU
		{E4047BC3-8DD5-4C8A-A373-5B7C3BF340A0}.Release|Any CPU.Build.0 = Release|Any CPU
	EndGlobalSection
	GlobalSection(SolutionProperties) = preSolution
		HideSolutionNode = FALSE
	EndGlobalSection
	GlobalSection(ExtensibilityGlobals) = postSolution
		SolutionGuid = {4B3AC4E2-A467-4350-BDFF-14BF6E3CCA83}
	EndGlobalSection
EndGlobal
